// !$*UTF8*$!
{
	archiveVersion = 1;
	classes = {
	};
	objectVersion = 56;
	objects = {

/* Begin PBXBuildFile section */
		3588D2B5298A4FAA0096FA7F /* CallerApp.swift in Sources */ = {isa = PBXBuildFile; fileRef = 3588D2B4298A4FAA0096FA7F /* CallerApp.swift */; };
		3588D2B7298A4FAA0096FA7F /* ContentView.swift in Sources */ = {isa = PBXBuildFile; fileRef = 3588D2B6298A4FAA0096FA7F /* ContentView.swift */; };
		3588D2B9298A4FAB0096FA7F /* Assets.xcassets in Resources */ = {isa = PBXBuildFile; fileRef = 3588D2B8298A4FAB0096FA7F /* Assets.xcassets */; };
		3588D2BC298A4FAB0096FA7F /* Preview Assets.xcassets in Resources */ = {isa = PBXBuildFile; fileRef = 3588D2BB298A4FAB0096FA7F /* Preview Assets.xcassets */; };
		3588D2C6298A4FAB0096FA7F /* CallerTests.swift in Sources */ = {isa = PBXBuildFile; fileRef = 3588D2C5298A4FAB0096FA7F /* CallerTests.swift */; };
		3588D2D0298A4FAB0096FA7F /* CallerUITests.swift in Sources */ = {isa = PBXBuildFile; fileRef = 3588D2CF298A4FAB0096FA7F /* CallerUITests.swift */; };
		3588D2D2298A4FAB0096FA7F /* CallerUITestsLaunchTests.swift in Sources */ = {isa = PBXBuildFile; fileRef = 3588D2D1298A4FAB0096FA7F /* CallerUITestsLaunchTests.swift */; };
		3588D2E5298A50C30096FA7F /* CallDirectoryHandler.swift in Sources */ = {isa = PBXBuildFile; fileRef = 3588D2E4298A50C30096FA7F /* CallDirectoryHandler.swift */; };
		3588D2E9298A50C30096FA7F /* Infomation.appex in Embed Foundation Extensions */ = {isa = PBXBuildFile; fileRef = 3588D2E2298A50C30096FA7F /* Infomation.appex */; settings = {ATTRIBUTES = (RemoveHeadersOnCopy, ); }; };
/* End PBXBuildFile section */

/* Begin PBXContainerItemProxy section */
		3588D2C2298A4FAB0096FA7F /* PBXContainerItemProxy */ = {
			isa = PBXContainerItemProxy;
			containerPortal = 3588D2A9298A4FAA0096FA7F /* Project object */;
			proxyType = 1;
			remoteGlobalIDString = 3588D2B0298A4FAA0096FA7F;
			remoteInfo = Caller;
		};
		3588D2CC298A4FAB0096FA7F /* PBXContainerItemProxy */ = {
			isa = PBXContainerItemProxy;
			containerPortal = 3588D2A9298A4FAA0096FA7F /* Project object */;
			proxyType = 1;
			remoteGlobalIDString = 3588D2B0298A4FAA0096FA7F;
			remoteInfo = Caller;
		};
		3588D2E7298A50C30096FA7F /* PBXContainerItemProxy */ = {
			isa = PBXContainerItemProxy;
			containerPortal = 3588D2A9298A4FAA0096FA7F /* Project object */;
			proxyType = 1;
			remoteGlobalIDString = 3588D2E1298A50C30096FA7F;
			remoteInfo = Infomation;
		};
/* End PBXContainerItemProxy section */

/* Begin PBXCopyFilesBuildPhase section */
		3588D2ED298A50C30096FA7F /* Embed Foundation Extensions */ = {
			isa = PBXCopyFilesBuildPhase;
			buildActionMask = 2147483647;
			dstPath = "";
			dstSubfolderSpec = 13;
			files = (
				3588D2E9298A50C30096FA7F /* Infomation.appex in Embed Foundation Extensions */,
			);
			name = "Embed Foundation Extensions";
			runOnlyForDeploymentPostprocessing = 0;
		};
/* End PBXCopyFilesBuildPhase section */

/* Begin PBXFileReference section */
		3588D2B1298A4FAA0096FA7F /* Caller.app */ = {isa = PBXFileReference; explicitFileType = wrapper.application; includeInIndex = 0; path = Caller.app; sourceTree = BUILT_PRODUCTS_DIR; };
		3588D2B4298A4FAA0096FA7F /* CallerApp.swift */ = {isa = PBXFileReference; lastKnownFileType = sourcecode.swift; path = CallerApp.swift; sourceTree = "<group>"; };
		3588D2B6298A4FAA0096FA7F /* ContentView.swift */ = {isa = PBXFileReference; lastKnownFileType = sourcecode.swift; path = ContentView.swift; sourceTree = "<group>"; };
		3588D2B8298A4FAB0096FA7F /* Assets.xcassets */ = {isa = PBXFileReference; lastKnownFileType = folder.assetcatalog; path = Assets.xcassets; sourceTree = "<group>"; };
		3588D2BB298A4FAB0096FA7F /* Preview Assets.xcassets */ = {isa = PBXFileReference; lastKnownFileType = folder.assetcatalog; path = "Preview Assets.xcassets"; sourceTree = "<group>"; };
		3588D2C1298A4FAB0096FA7F /* CallerTests.xctest */ = {isa = PBXFileReference; explicitFileType = wrapper.cfbundle; includeInIndex = 0; path = CallerTests.xctest; sourceTree = BUILT_PRODUCTS_DIR; };
		3588D2C5298A4FAB0096FA7F /* CallerTests.swift */ = {isa = PBXFileReference; lastKnownFileType = sourcecode.swift; path = CallerTests.swift; sourceTree = "<group>"; };
		3588D2CB298A4FAB0096FA7F /* CallerUITests.xctest */ = {isa = PBXFileReference; explicitFileType = wrapper.cfbundle; includeInIndex = 0; path = CallerUITests.xctest; sourceTree = BUILT_PRODUCTS_DIR; };
		3588D2CF298A4FAB0096FA7F /* CallerUITests.swift */ = {isa = PBXFileReference; lastKnownFileType = sourcecode.swift; path = CallerUITests.swift; sourceTree = "<group>"; };
		3588D2D1298A4FAB0096FA7F /* CallerUITestsLaunchTests.swift */ = {isa = PBXFileReference; lastKnownFileType = sourcecode.swift; path = CallerUITestsLaunchTests.swift; sourceTree = "<group>"; };
		3588D2E2298A50C30096FA7F /* Infomation.appex */ = {isa = PBXFileReference; explicitFileType = "wrapper.app-extension"; includeInIndex = 0; path = Infomation.appex; sourceTree = BUILT_PRODUCTS_DIR; };
		3588D2E4298A50C30096FA7F /* CallDirectoryHandler.swift */ = {isa = PBXFileReference; lastKnownFileType = sourcecode.swift; path = CallDirectoryHandler.swift; sourceTree = "<group>"; };
		3588D2E6298A50C30096FA7F /* Info.plist */ = {isa = PBXFileReference; lastKnownFileType = text.plist.xml; path = Info.plist; sourceTree = "<group>"; };
/* End PBXFileReference section */

/* Begin PBXFrameworksBuildPhase section */
		3588D2AE298A4FAA0096FA7F /* Frameworks */ = {
			isa = PBXFrameworksBuildPhase;
			buildActionMask = 2147483647;
			files = (
			);
			runOnlyForDeploymentPostprocessing = 0;
		};
		3588D2BE298A4FAB0096FA7F /* Frameworks */ = {
			isa = PBXFrameworksBuildPhase;
			buildActionMask = 2147483647;
			files = (
			);
			runOnlyForDeploymentPostprocessing = 0;
		};
		3588D2C8298A4FAB0096FA7F /* Frameworks */ = {
			isa = PBXFrameworksBuildPhase;
			buildActionMask = 2147483647;
			files = (
			);
			runOnlyForDeploymentPostprocessing = 0;
		};
		3588D2DF298A50C30096FA7F /* Frameworks */ = {
			isa = PBXFrameworksBuildPhase;
			buildActionMask = 2147483647;
			files = (
			);
			runOnlyForDeploymentPostprocessing = 0;
		};
/* End PBXFrameworksBuildPhase section */

/* Begin PBXGroup section */
		3588D2A8298A4FAA0096FA7F = {
			isa = PBXGroup;
			children = (
				3588D2B3298A4FAA0096FA7F /* Caller */,
				3588D2C4298A4FAB0096FA7F /* CallerTests */,
				3588D2CE298A4FAB0096FA7F /* CallerUITests */,
				3588D2E3298A50C30096FA7F /* Infomation */,
				3588D2B2298A4FAA0096FA7F /* Products */,
			);
			sourceTree = "<group>";
		};
		3588D2B2298A4FAA0096FA7F /* Products */ = {
			isa = PBXGroup;
			children = (
				3588D2B1298A4FAA0096FA7F /* Caller.app */,
				3588D2C1298A4FAB0096FA7F /* CallerTests.xctest */,
				3588D2CB298A4FAB0096FA7F /* CallerUITests.xctest */,
				3588D2E2298A50C30096FA7F /* Infomation.appex */,
			);
			name = Products;
			sourceTree = "<group>";
		};
		3588D2B3298A4FAA0096FA7F /* Caller */ = {
			isa = PBXGroup;
			children = (
				3588D2B4298A4FAA0096FA7F /* CallerApp.swift */,
				3588D2B6298A4FAA0096FA7F /* ContentView.swift */,
				3588D2B8298A4FAB0096FA7F /* Assets.xcassets */,
				3588D2BA298A4FAB0096FA7F /* Preview Content */,
			);
			path = Caller;
			sourceTree = "<group>";
		};
		3588D2BA298A4FAB0096FA7F /* Preview Content */ = {
			isa = PBXGroup;
			children = (
				3588D2BB298A4FAB0096FA7F /* Preview Assets.xcassets */,
			);
			path = "Preview Content";
			sourceTree = "<group>";
		};
		3588D2C4298A4FAB0096FA7F /* CallerTests */ = {
			isa = PBXGroup;
			children = (
				3588D2C5298A4FAB0096FA7F /* CallerTests.swift */,
			);
			path = CallerTests;
			sourceTree = "<group>";
		};
		3588D2CE298A4FAB0096FA7F /* CallerUITests */ = {
			isa = PBXGroup;
			children = (
				3588D2CF298A4FAB0096FA7F /* CallerUITests.swift */,
				3588D2D1298A4FAB0096FA7F /* CallerUITestsLaunchTests.swift */,
			);
			path = CallerUITests;
			sourceTree = "<group>";
		};
		3588D2E3298A50C30096FA7F /* Infomation */ = {
			isa = PBXGroup;
			children = (
				3588D2E4298A50C30096FA7F /* CallDirectoryHandler.swift */,
				3588D2E6298A50C30096FA7F /* Info.plist */,
			);
			path = Infomation;
			sourceTree = "<group>";
		};
/* End PBXGroup section */

/* Begin PBXNativeTarget section */
		3588D2B0298A4FAA0096FA7F /* Caller */ = {
			isa = PBXNativeTarget;
			buildConfigurationList = 3588D2D5298A4FAB0096FA7F /* Build configuration list for PBXNativeTarget "Caller" */;
			buildPhases = (
				3588D2AD298A4FAA0096FA7F /* Sources */,
				3588D2AE298A4FAA0096FA7F /* Frameworks */,
				3588D2AF298A4FAA0096FA7F /* Resources */,
				3588D2ED298A50C30096FA7F /* Embed Foundation Extensions */,
			);
			buildRules = (
			);
			dependencies = (
				3588D2E8298A50C30096FA7F /* PBXTargetDependency */,
			);
			name = Caller;
			productName = Caller;
			productReference = 3588D2B1298A4FAA0096FA7F /* Caller.app */;
			productType = "com.apple.product-type.application";
		};
		3588D2C0298A4FAB0096FA7F /* CallerTests */ = {
			isa = PBXNativeTarget;
			buildConfigurationList = 3588D2D8298A4FAB0096FA7F /* Build configuration list for PBXNativeTarget "CallerTests" */;
			buildPhases = (
				3588D2BD298A4FAB0096FA7F /* Sources */,
				3588D2BE298A4FAB0096FA7F /* Frameworks */,
				3588D2BF298A4FAB0096FA7F /* Resources */,
			);
			buildRules = (
			);
			dependencies = (
				3588D2C3298A4FAB0096FA7F /* PBXTargetDependency */,
			);
			name = CallerTests;
			productName = CallerTests;
			productReference = 3588D2C1298A4FAB0096FA7F /* CallerTests.xctest */;
			productType = "com.apple.product-type.bundle.unit-test";
		};
		3588D2CA298A4FAB0096FA7F /* CallerUITests */ = {
			isa = PBXNativeTarget;
			buildConfigurationList = 3588D2DB298A4FAB0096FA7F /* Build configuration list for PBXNativeTarget "CallerUITests" */;
			buildPhases = (
				3588D2C7298A4FAB0096FA7F /* Sources */,
				3588D2C8298A4FAB0096FA7F /* Frameworks */,
				3588D2C9298A4FAB0096FA7F /* Resources */,
			);
			buildRules = (
			);
			dependencies = (
				3588D2CD298A4FAB0096FA7F /* PBXTargetDependency */,
			);
			name = CallerUITests;
			productName = CallerUITests;
			productReference = 3588D2CB298A4FAB0096FA7F /* CallerUITests.xctest */;
			productType = "com.apple.product-type.bundle.ui-testing";
		};
		3588D2E1298A50C30096FA7F /* Infomation */ = {
			isa = PBXNativeTarget;
			buildConfigurationList = 3588D2EA298A50C30096FA7F /* Build configuration list for PBXNativeTarget "Infomation" */;
			buildPhases = (
				3588D2DE298A50C30096FA7F /* Sources */,
				3588D2DF298A50C30096FA7F /* Frameworks */,
				3588D2E0298A50C30096FA7F /* Resources */,
			);
			buildRules = (
			);
			dependencies = (
			);
			name = Infomation;
			productName = Infomation;
			productReference = 3588D2E2298A50C30096FA7F /* Infomation.appex */;
			productType = "com.apple.product-type.app-extension";
		};
/* End PBXNativeTarget section */

/* Begin PBXProject section */
		3588D2A9298A4FAA0096FA7F /* Project object */ = {
			isa = PBXProject;
			attributes = {
				BuildIndependentTargetsInParallel = 1;
				LastSwiftUpdateCheck = 1420;
				LastUpgradeCheck = 1420;
				TargetAttributes = {
					3588D2B0298A4FAA0096FA7F = {
						CreatedOnToolsVersion = 14.2;
					};
					3588D2C0298A4FAB0096FA7F = {
						CreatedOnToolsVersion = 14.2;
						TestTargetID = 3588D2B0298A4FAA0096FA7F;
					};
					3588D2CA298A4FAB0096FA7F = {
						CreatedOnToolsVersion = 14.2;
						TestTargetID = 3588D2B0298A4FAA0096FA7F;
					};
					3588D2E1298A50C30096FA7F = {
						CreatedOnToolsVersion = 14.2;
					};
				};
			};
			buildConfigurationList = 3588D2AC298A4FAA0096FA7F /* Build configuration list for PBXProject "Caller" */;
			compatibilityVersion = "Xcode 14.0";
			developmentRegion = en;
			hasScannedForEncodings = 0;
			knownRegions = (
				en,
				Base,
			);
			mainGroup = 3588D2A8298A4FAA0096FA7F;
			productRefGroup = 3588D2B2298A4FAA0096FA7F /* Products */;
			projectDirPath = "";
			projectRoot = "";
			targets = (
				3588D2B0298A4FAA0096FA7F /* Caller */,
				3588D2C0298A4FAB0096FA7F /* CallerTests */,
				3588D2CA298A4FAB0096FA7F /* CallerUITests */,
				3588D2E1298A50C30096FA7F /* Infomation */,
			);
		};
/* End PBXProject section */

/* Begin PBXResourcesBuildPhase section */
		3588D2AF298A4FAA0096FA7F /* Resources */ = {
			isa = PBXResourcesBuildPhase;
			buildActionMask = 2147483647;
			files = (
				3588D2BC298A4FAB0096FA7F /* Preview Assets.xcassets in Resources */,
				3588D2B9298A4FAB0096FA7F /* Assets.xcassets in Resources */,
			);
			runOnlyForDeploymentPostprocessing = 0;
		};
		3588D2BF298A4FAB0096FA7F /* Resources */ = {
			isa = PBXResourcesBuildPhase;
			buildActionMask = 2147483647;
			files = (
			);
			runOnlyForDeploymentPostprocessing = 0;
		};
		3588D2C9298A4FAB0096FA7F /* Resources */ = {
			isa = PBXResourcesBuildPhase;
			buildActionMask = 2147483647;
			files = (
			);
			runOnlyForDeploymentPostprocessing = 0;
		};
		3588D2E0298A50C30096FA7F /* Resources */ = {
			isa = PBXResourcesBuildPhase;
			buildActionMask = 2147483647;
			files = (
			);
			runOnlyForDeploymentPostprocessing = 0;
		};
/* End PBXResourcesBuildPhase section */

/* Begin PBXSourcesBuildPhase section */
		3588D2AD298A4FAA0096FA7F /* Sources */ = {
			isa = PBXSourcesBuildPhase;
			buildActionMask = 2147483647;
			files = (
				3588D2B7298A4FAA0096FA7F /* ContentView.swift in Sources */,
				3588D2B5298A4FAA0096FA7F /* CallerApp.swift in Sources */,
			);
			runOnlyForDeploymentPostprocessing = 0;
		};
		3588D2BD298A4FAB0096FA7F /* Sources */ = {
			isa = PBXSourcesBuildPhase;
			buildActionMask = 2147483647;
			files = (
				3588D2C6298A4FAB0096FA7F /* CallerTests.swift in Sources */,
			);
			runOnlyForDeploymentPostprocessing = 0;
		};
		3588D2C7298A4FAB0096FA7F /* Sources */ = {
			isa = PBXSourcesBuildPhase;
			buildActionMask = 2147483647;
			files = (
				3588D2D0298A4FAB0096FA7F /* CallerUITests.swift in Sources */,
				3588D2D2298A4FAB0096FA7F /* CallerUITestsLaunchTests.swift in Sources */,
			);
			runOnlyForDeploymentPostprocessing = 0;
		};
		3588D2DE298A50C30096FA7F /* Sources */ = {
			isa = PBXSourcesBuildPhase;
			buildActionMask = 2147483647;
			files = (
				3588D2E5298A50C30096FA7F /* CallDirectoryHandler.swift in Sources */,
			);
			runOnlyForDeploymentPostprocessing = 0;
		};
/* End PBXSourcesBuildPhase section */

/* Begin PBXTargetDependency section */
		3588D2C3298A4FAB0096FA7F /* PBXTargetDependency */ = {
			isa = PBXTargetDependency;
			target = 3588D2B0298A4FAA0096FA7F /* Caller */;
			targetProxy = 3588D2C2298A4FAB0096FA7F /* PBXContainerItemProxy */;
		};
		3588D2CD298A4FAB0096FA7F /* PBXTargetDependency */ = {
			isa = PBXTargetDependency;
			target = 3588D2B0298A4FAA0096FA7F /* Caller */;
			targetProxy = 3588D2CC298A4FAB0096FA7F /* PBXContainerItemProxy */;
		};
		3588D2E8298A50C30096FA7F /* PBXTargetDependency */ = {
			isa = PBXTargetDependency;
			target = 3588D2E1298A50C30096FA7F /* Infomation */;
			targetProxy = 3588D2E7298A50C30096FA7F /* PBXContainerItemProxy */;
		};
/* End PBXTargetDependency section */

/* Begin XCBuildConfiguration section */
		3588D2D3298A4FAB0096FA7F /* Debug */ = {
			isa = XCBuildConfiguration;
			buildSettings = {
				ALWAYS_SEARCH_USER_PATHS = NO;
				CLANG_ANALYZER_NONNULL = YES;
				CLANG_ANALYZER_NUMBER_OBJECT_CONVERSION = YES_AGGRESSIVE;
				CLANG_CXX_LANGUAGE_STANDARD = "gnu++20";
				CLANG_ENABLE_MODULES = YES;
				CLANG_ENABLE_OBJC_ARC = YES;
				CLANG_ENABLE_OBJC_WEAK = YES;
				CLANG_WARN_BLOCK_CAPTURE_AUTORELEASING = YES;
				CLANG_WARN_BOOL_CONVERSION = YES;
				CLANG_WARN_COMMA = YES;
				CLANG_WARN_CONSTANT_CONVERSION = YES;
				CLANG_WARN_DEPRECATED_OBJC_IMPLEMENTATIONS = YES;
				CLANG_WARN_DIRECT_OBJC_ISA_USAGE = YES_ERROR;
				CLANG_WARN_DOCUMENTATION_COMMENTS = YES;
				CLANG_WARN_EMPTY_BODY = YES;
				CLANG_WARN_ENUM_CONVERSION = YES;
				CLANG_WARN_INFINITE_RECURSION = YES;
				CLANG_WARN_INT_CONVERSION = YES;
				CLANG_WARN_NON_LITERAL_NULL_CONVERSION = YES;
				CLANG_WARN_OBJC_IMPLICIT_RETAIN_SELF = YES;
				CLANG_WARN_OBJC_LITERAL_CONVERSION = YES;
				CLANG_WARN_OBJC_ROOT_CLASS = YES_ERROR;
				CLANG_WARN_QUOTED_INCLUDE_IN_FRAMEWORK_HEADER = YES;
				CLANG_WARN_RANGE_LOOP_ANALYSIS = YES;
				CLANG_WARN_STRICT_PROTOTYPES = YES;
				CLANG_WARN_SUSPICIOUS_MOVE = YES;
				CLANG_WARN_UNGUARDED_AVAILABILITY = YES_AGGRESSIVE;
				CLANG_WARN_UNREACHABLE_CODE = YES;
				CLANG_WARN__DUPLICATE_METHOD_MATCH = YES;
				COPY_PHASE_STRIP = NO;
				DEBUG_INFORMATION_FORMAT = dwarf;
				ENABLE_STRICT_OBJC_MSGSEND = YES;
				ENABLE_TESTABILITY = YES;
				GCC_C_LANGUAGE_STANDARD = gnu11;
				GCC_DYNAMIC_NO_PIC = NO;
				GCC_NO_COMMON_BLOCKS = YES;
				GCC_OPTIMIZATION_LEVEL = 0;
				GCC_PREPROCESSOR_DEFINITIONS = (
					"DEBUG=1",
					"$(inherited)",
				);
				GCC_WARN_64_TO_32_BIT_CONVERSION = YES;
				GCC_WARN_ABOUT_RETURN_TYPE = YES_ERROR;
				GCC_WARN_UNDECLARED_SELECTOR = YES;
				GCC_WARN_UNINITIALIZED_AUTOS = YES_AGGRESSIVE;
				GCC_WARN_UNUSED_FUNCTION = YES;
				GCC_WARN_UNUSED_VARIABLE = YES;
				IPHONEOS_DEPLOYMENT_TARGET = 16.2;
				MTL_ENABLE_DEBUG_INFO = INCLUDE_SOURCE;
				MTL_FAST_MATH = YES;
				ONLY_ACTIVE_ARCH = YES;
				SDKROOT = iphoneos;
				SWIFT_ACTIVE_COMPILATION_CONDITIONS = DEBUG;
				SWIFT_OPTIMIZATION_LEVEL = "-Onone";
			};
			name = Debug;
		};
		3588D2D4298A4FAB0096FA7F /* Release */ = {
			isa = XCBuildConfiguration;
			buildSettings = {
				ALWAYS_SEARCH_USER_PATHS = NO;
				CLANG_ANALYZER_NONNULL = YES;
				CLANG_ANALYZER_NUMBER_OBJECT_CONVERSION = YES_AGGRESSIVE;
				CLANG_CXX_LANGUAGE_STANDARD = "gnu++20";
				CLANG_ENABLE_MODULES = YES;
				CLANG_ENABLE_OBJC_ARC = YES;
				CLANG_ENABLE_OBJC_WEAK = YES;
				CLANG_WARN_BLOCK_CAPTURE_AUTORELEASING = YES;
				CLANG_WARN_BOOL_CONVERSION = YES;
				CLANG_WARN_COMMA = YES;
				CLANG_WARN_CONSTANT_CONVERSION = YES;
				CLANG_WARN_DEPRECATED_OBJC_IMPLEMENTATIONS = YES;
				CLANG_WARN_DIRECT_OBJC_ISA_USAGE = YES_ERROR;
				CLANG_WARN_DOCUMENTATION_COMMENTS = YES;
				CLANG_WARN_EMPTY_BODY = YES;
				CLANG_WARN_ENUM_CONVERSION = YES;
				CLANG_WARN_INFINITE_RECURSION = YES;
				CLANG_WARN_INT_CONVERSION = YES;
				CLANG_WARN_NON_LITERAL_NULL_CONVERSION = YES;
				CLANG_WARN_OBJC_IMPLICIT_RETAIN_SELF = YES;
				CLANG_WARN_OBJC_LITERAL_CONVERSION = YES;
				CLANG_WARN_OBJC_ROOT_CLASS = YES_ERROR;
				CLANG_WARN_QUOTED_INCLUDE_IN_FRAMEWORK_HEADER = YES;
				CLANG_WARN_RANGE_LOOP_ANALYSIS = YES;
				CLANG_WARN_STRICT_PROTOTYPES = YES;
				CLANG_WARN_SUSPICIOUS_MOVE = YES;
				CLANG_WARN_UNGUARDED_AVAILABILITY = YES_AGGRESSIVE;
				CLANG_WARN_UNREACHABLE_CODE = YES;
				CLANG_WARN__DUPLICATE_METHOD_MATCH = YES;
				COPY_PHASE_STRIP = NO;
				DEBUG_INFORMATION_FORMAT = "dwarf-with-dsym";
				ENABLE_NS_ASSERTIONS = NO;
				ENABLE_STRICT_OBJC_MSGSEND = YES;
				GCC_C_LANGUAGE_STANDARD = gnu11;
				GCC_NO_COMMON_BLOCKS = YES;
				GCC_WARN_64_TO_32_BIT_CONVERSION = YES;
				GCC_WARN_ABOUT_RETURN_TYPE = YES_ERROR;
				GCC_WARN_UNDECLARED_SELECTOR = YES;
				GCC_WARN_UNINITIALIZED_AUTOS = YES_AGGRESSIVE;
				GCC_WARN_UNUSED_FUNCTION = YES;
				GCC_WARN_UNUSED_VARIABLE = YES;
				IPHONEOS_DEPLOYMENT_TARGET = 16.2;
				MTL_ENABLE_DEBUG_INFO = NO;
				MTL_FAST_MATH = YES;
				SDKROOT = iphoneos;
				SWIFT_COMPILATION_MODE = wholemodule;
				SWIFT_OPTIMIZATION_LEVEL = "-O";
				VALIDATE_PRODUCT = YES;
			};
			name = Release;
		};
		3588D2D6298A4FAB0096FA7F /* Debug */ = {
			isa = XCBuildConfiguration;
			buildSettings = {
				ALWAYS_EMBED_SWIFT_STANDARD_LIBRARIES = YES;
				ASSETCATALOG_COMPILER_APPICON_NAME = AppIcon;
				ASSETCATALOG_COMPILER_GLOBAL_ACCENT_COLOR_NAME = AccentColor;
				CODE_SIGN_STYLE = Automatic;
				CURRENT_PROJECT_VERSION = 1;
				DEVELOPMENT_ASSET_PATHS = "\"Caller/Preview Content\"";
				DEVELOPMENT_TEAM = H83388Q8DV;
				ENABLE_PREVIEWS = YES;
				GENERATE_INFOPLIST_FILE = YES;
				INFOPLIST_KEY_CFBundleDisplayName = Caller;
				INFOPLIST_KEY_LSApplicationCategoryType = "public.app-category.productivity";
				INFOPLIST_KEY_UIApplicationSceneManifest_Generation = YES;
				INFOPLIST_KEY_UIApplicationSupportsIndirectInputEvents = YES;
				INFOPLIST_KEY_UILaunchScreen_Generation = YES;
				INFOPLIST_KEY_UISupportedInterfaceOrientations_iPad = "UIInterfaceOrientationPortrait UIInterfaceOrientationPortraitUpsideDown UIInterfaceOrientationLandscapeLeft UIInterfaceOrientationLandscapeRight";
				INFOPLIST_KEY_UISupportedInterfaceOrientations_iPhone = "UIInterfaceOrientationPortrait UIInterfaceOrientationLandscapeLeft UIInterfaceOrientationLandscapeRight";
				LD_RUNPATH_SEARCH_PATHS = (
					"$(inherited)",
					"@executable_path/Frameworks",
				);
				MARKETING_VERSION = 1.0;
				PRODUCT_BUNDLE_IDENTIFIER = CandyDate.Caller;
				PRODUCT_NAME = "$(TARGET_NAME)";
				SWIFT_EMIT_LOC_STRINGS = YES;
				SWIFT_VERSION = 5.0;
				TARGETED_DEVICE_FAMILY = "1,2";
			};
			name = Debug;
		};
		3588D2D7298A4FAB0096FA7F /* Release */ = {
			isa = XCBuildConfiguration;
			buildSettings = {
				ALWAYS_EMBED_SWIFT_STANDARD_LIBRARIES = YES;
				ASSETCATALOG_COMPILER_APPICON_NAME = AppIcon;
				ASSETCATALOG_COMPILER_GLOBAL_ACCENT_COLOR_NAME = AccentColor;
				CODE_SIGN_STYLE = Automatic;
				CURRENT_PROJECT_VERSION = 1;
				DEVELOPMENT_ASSET_PATHS = "\"Caller/Preview Content\"";
				DEVELOPMENT_TEAM = H83388Q8DV;
				ENABLE_PREVIEWS = YES;
				GENERATE_INFOPLIST_FILE = YES;
				INFOPLIST_KEY_CFBundleDisplayName = Caller;
				INFOPLIST_KEY_LSApplicationCategoryType = "public.app-category.productivity";
				INFOPLIST_KEY_UIApplicationSceneManifest_Generation = YES;
				INFOPLIST_KEY_UIApplicationSupportsIndirectInputEvents = YES;
				INFOPLIST_KEY_UILaunchScreen_Generation = YES;
				INFOPLIST_KEY_UISupportedInterfaceOrientations_iPad = "UIInterfaceOrientationPortrait UIInterfaceOrientationPortraitUpsideDown UIInterfaceOrientationLandscapeLeft UIInterfaceOrientationLandscapeRight";
				INFOPLIST_KEY_UISupportedInterfaceOrientations_iPhone = "UIInterfaceOrientationPortrait UIInterfaceOrientationLandscapeLeft UIInterfaceOrientationLandscapeRight";
				LD_RUNPATH_SEARCH_PATHS = (
					"$(inherited)",
					"@executable_path/Frameworks",
				);
				MARKETING_VERSION = 1.0;
				PRODUCT_BUNDLE_IDENTIFIER = CandyDate.Caller;
				PRODUCT_NAME = "$(TARGET_NAME)";
				SWIFT_EMIT_LOC_STRINGS = YES;
				SWIFT_VERSION = 5.0;
				TARGETED_DEVICE_FAMILY = "1,2";
			};
			name = Release;
		};
		3588D2D9298A4FAB0096FA7F /* Debug */ = {
			isa = XCBuildConfiguration;
			buildSettings = {
				ALWAYS_EMBED_SWIFT_STANDARD_LIBRARIES = YES;
				BUNDLE_LOADER = "$(TEST_HOST)";
				CODE_SIGN_STYLE = Automatic;
				CURRENT_PROJECT_VERSION = 1;
				DEVELOPMENT_TEAM = H83388Q8DV;
				GENERATE_INFOPLIST_FILE = YES;
				IPHONEOS_DEPLOYMENT_TARGET = 16.2;
				MARKETING_VERSION = 1.0;
				PRODUCT_BUNDLE_IDENTIFIER = CandyDate.CallerTests;
				PRODUCT_NAME = "$(TARGET_NAME)";
				SWIFT_EMIT_LOC_STRINGS = NO;
				SWIFT_VERSION = 5.0;
				TARGETED_DEVICE_FAMILY = "1,2";
				TEST_HOST = "$(BUILT_PRODUCTS_DIR)/Caller.app/$(BUNDLE_EXECUTABLE_FOLDER_PATH)/Caller";
			};
			name = Debug;
		};
		3588D2DA298A4FAB0096FA7F /* Release */ = {
			isa = XCBuildConfiguration;
			buildSettings = {
				ALWAYS_EMBED_SWIFT_STANDARD_LIBRARIES = YES;
				BUNDLE_LOADER = "$(TEST_HOST)";
				CODE_SIGN_STYLE = Automatic;
				CURRENT_PROJECT_VERSION = 1;
				DEVELOPMENT_TEAM = H83388Q8DV;
				GENERATE_INFOPLIST_FILE = YES;
				IPHONEOS_DEPLOYMENT_TARGET = 16.2;
				MARKETING_VERSION = 1.0;
				PRODUCT_BUNDLE_IDENTIFIER = CandyDate.CallerTests;
				PRODUCT_NAME = "$(TARGET_NAME)";
				SWIFT_EMIT_LOC_STRINGS = NO;
				SWIFT_VERSION = 5.0;
				TARGETED_DEVICE_FAMILY = "1,2";
				TEST_HOST = "$(BUILT_PRODUCTS_DIR)/Caller.app/$(BUNDLE_EXECUTABLE_FOLDER_PATH)/Caller";
			};
			name = Release;
		};
		3588D2DC298A4FAB0096FA7F /* Debug */ = {
			isa = XCBuildConfiguration;
			buildSettings = {
				ALWAYS_EMBED_SWIFT_STANDARD_LIBRARIES = YES;
				CODE_SIGN_STYLE = Automatic;
				CURRENT_PROJECT_VERSION = 1;
				DEVELOPMENT_TEAM = H83388Q8DV;
				GENERATE_INFOPLIST_FILE = YES;
				MARKETING_VERSION = 1.0;
				PRODUCT_BUNDLE_IDENTIFIER = CandyDate.CallerUITests;
				PRODUCT_NAME = "$(TARGET_NAME)";
				SWIFT_EMIT_LOC_STRINGS = NO;
				SWIFT_VERSION = 5.0;
				TARGETED_DEVICE_FAMILY = "1,2";
				TEST_TARGET_NAME = Caller;
			};
			name = Debug;
		};
		3588D2DD298A4FAB0096FA7F /* Release */ = {
			isa = XCBuildConfiguration;
			buildSettings = {
				ALWAYS_EMBED_SWIFT_STANDARD_LIBRARIES = YES;
				CODE_SIGN_STYLE = Automatic;
				CURRENT_PROJECT_VERSION = 1;
				DEVELOPMENT_TEAM = H83388Q8DV;
				GENERATE_INFOPLIST_FILE = YES;
				MARKETING_VERSION = 1.0;
				PRODUCT_BUNDLE_IDENTIFIER = CandyDate.CallerUITests;
				PRODUCT_NAME = "$(TARGET_NAME)";
				SWIFT_EMIT_LOC_STRINGS = NO;
				SWIFT_VERSION = 5.0;
				TARGETED_DEVICE_FAMILY = "1,2";
				TEST_TARGET_NAME = Caller;
			};
			name = Release;
		};
		3588D2EB298A50C30096FA7F /* Debug */ = {
			isa = XCBuildConfiguration;
			buildSettings = {
				ARCHS = "$(ARCHS_STANDARD_64_BIT)";
				CODE_SIGN_STYLE = Automatic;
				CURRENT_PROJECT_VERSION = 1;
				DEVELOPMENT_TEAM = H83388Q8DV;
				GENERATE_INFOPLIST_FILE = YES;
				INFOPLIST_FILE = Infomation/Info.plist;
				INFOPLIST_KEY_CFBundleDisplayName = Infomation;
				INFOPLIST_KEY_NSHumanReadableCopyright = "";
				LD_RUNPATH_SEARCH_PATHS = (
					"$(inherited)",
					"@executable_path/Frameworks",
					"@executable_path/../../Frameworks",
				);
				MARKETING_VERSION = 1.0;
				PRODUCT_BUNDLE_IDENTIFIER = CandyDate.Caller.Infomation;
				PRODUCT_NAME = "$(TARGET_NAME)";
				SKIP_INSTALL = YES;
				SWIFT_EMIT_LOC_STRINGS = YES;
				SWIFT_VERSION = 5.0;
				TARGETED_DEVICE_FAMILY = "1,2";
			};
			name = Debug;
		};
		3588D2EC298A50C30096FA7F /* Release */ = {
			isa = XCBuildConfiguration;
			buildSettings = {
				ARCHS = "$(ARCHS_STANDARD_64_BIT)";
				CODE_SIGN_STYLE = Automatic;
				CURRENT_PROJECT_VERSION = 1;
				DEVELOPMENT_TEAM = H83388Q8DV;
				GENERATE_INFOPLIST_FILE = YES;
				INFOPLIST_FILE = Infomation/Info.plist;
				INFOPLIST_KEY_CFBundleDisplayName = Infomation;
				INFOPLIST_KEY_NSHumanReadableCopyright = "";
				LD_RUNPATH_SEARCH_PATHS = (
					"$(inherited)",
					"@executable_path/Frameworks",
					"@executable_path/../../Frameworks",
				);
				MARKETING_VERSION = 1.0;
				PRODUCT_BUNDLE_IDENTIFIER = CandyDate.Caller.Infomation;
				PRODUCT_NAME = "$(TARGET_NAME)";
				SKIP_INSTALL = YES;
				SWIFT_EMIT_LOC_STRINGS = YES;
				SWIFT_VERSION = 5.0;
				TARGETED_DEVICE_FAMILY = "1,2";
			};
			name = Release;
		};
/* End XCBuildConfiguration section */

/* Begin XCConfigurationList section */
		3588D2AC298A4FAA0096FA7F /* Build configuration list for PBXProject "Caller" */ = {
			isa = XCConfigurationList;
			buildConfigurations = (
				3588D2D3298A4FAB0096FA7F /* Debug */,
				3588D2D4298A4FAB0096FA7F /* Release */,
			);
			defaultConfigurationIsVisible = 0;
			defaultConfigurationName = Release;
		};
		3588D2D5298A4FAB0096FA7F /* Build configuration list for PBXNativeTarget "Caller" */ = {
			isa = XCConfigurationList;
			buildConfigurations = (
				3588D2D6298A4FAB0096FA7F /* Debug */,
				3588D2D7298A4FAB0096FA7F /* Release */,
			);
			defaultConfigurationIsVisible = 0;
			defaultConfigurationName = Release;
		};
		3588D2D8298A4FAB0096FA7F /* Build configuration list for PBXNativeTarget "CallerTests" */ = {
			isa = XCConfigurationList;
			buildConfigurations = (
				3588D2D9298A4FAB0096FA7F /* Debug */,
				3588D2DA298A4FAB0096FA7F /* Release */,
			);
			defaultConfigurationIsVisible = 0;
			defaultConfigurationName = Release;
		};
		3588D2DB298A4FAB0096FA7F /* Build configuration list for PBXNativeTarget "CallerUITests" */ = {
			isa = XCConfigurationList;
			buildConfigurations = (
				3588D2DC298A4FAB0096FA7F /* Debug */,
				3588D2DD298A4FAB0096FA7F /* Release */,
			);
			defaultConfigurationIsVisible = 0;
			defaultConfigurationName = Release;
		};
		3588D2EA298A50C30096FA7F /* Build configuration list for PBXNativeTarget "Infomation" */ = {
			isa = XCConfigurationList;
			buildConfigurations = (
				3588D2EB298A50C30096FA7F /* Debug */,
				3588D2EC298A50C30096FA7F /* Release */,
			);
			defaultConfigurationIsVisible = 0;
			defaultConfigurationName = Release;
		};
/* End XCConfigurationList section */
	};
	rootObject = 3588D2A9298A4FAA0096FA7F /* Project object */;
}
